// !$*UTF8*$!
{
	archiveVersion = 1;
	classes = {
	};
	objectVersion = 56;
	objects = {

/* Begin PBXBuildFile section */
		C126FADC2AE7FE0A00F776F2 /* anton.ttf in Resources */ = {isa = PBXBuildFile; fileRef = C126FADB2AE7FE0A00F776F2 /* anton.ttf */; };
		C145D6BC2AE6C2F700BD2007 /* wallpaperappApp.swift in Sources */ = {isa = PBXBuildFile; fileRef = C145D6BB2AE6C2F700BD2007 /* wallpaperappApp.swift */; };
		C145D6BE2AE6C2F700BD2007 /* ContentView.swift in Sources */ = {isa = PBXBuildFile; fileRef = C145D6BD2AE6C2F700BD2007 /* ContentView.swift */; };
		C145D6C02AE6C2F800BD2007 /* Assets.xcassets in Resources */ = {isa = PBXBuildFile; fileRef = C145D6BF2AE6C2F800BD2007 /* Assets.xcassets */; };
		C145D6C42AE6C2F800BD2007 /* Preview Assets.xcassets in Resources */ = {isa = PBXBuildFile; fileRef = C145D6C32AE6C2F800BD2007 /* Preview Assets.xcassets */; };
		C145D6CB2AE6C37200BD2007 /* nointernetview.swift in Sources */ = {isa = PBXBuildFile; fileRef = C145D6CA2AE6C37200BD2007 /* nointernetview.swift */; };
		C145D6CE2AE6C40A00BD2007 /* FirebaseAuth in Frameworks */ = {isa = PBXBuildFile; productRef = C145D6CD2AE6C40A00BD2007 /* FirebaseAuth */; };
		C145D6D02AE6C40A00BD2007 /* FirebaseDatabase in Frameworks */ = {isa = PBXBuildFile; productRef = C145D6CF2AE6C40A00BD2007 /* FirebaseDatabase */; };
		C145D6D22AE6C40A00BD2007 /* FirebaseDatabaseSwift in Frameworks */ = {isa = PBXBuildFile; productRef = C145D6D12AE6C40A00BD2007 /* FirebaseDatabaseSwift */; };
		C145D6D42AE6C40A00BD2007 /* FirebaseFirestore in Frameworks */ = {isa = PBXBuildFile; productRef = C145D6D32AE6C40A00BD2007 /* FirebaseFirestore */; };
		C145D6D62AE6C40A00BD2007 /* FirebaseFirestoreSwift in Frameworks */ = {isa = PBXBuildFile; productRef = C145D6D52AE6C40A00BD2007 /* FirebaseFirestoreSwift */; };
		C145D6D82AE6C40A00BD2007 /* FirebaseStorage in Frameworks */ = {isa = PBXBuildFile; productRef = C145D6D72AE6C40A00BD2007 /* FirebaseStorage */; };
		C145D6DA2AE6C46500BD2007 /* network.swift in Sources */ = {isa = PBXBuildFile; fileRef = C145D6D92AE6C46500BD2007 /* network.swift */; };
		C145D6DE2AE6C60A00BD2007 /* GoogleService-Info.plist in Resources */ = {isa = PBXBuildFile; fileRef = C145D6DD2AE6C60A00BD2007 /* GoogleService-Info.plist */; };
/* End PBXBuildFile section */

/* Begin PBXFileReference section */
		C126FADB2AE7FE0A00F776F2 /* anton.ttf */ = {isa = PBXFileReference; lastKnownFileType = file; path = anton.ttf; sourceTree = "<group>"; };
		C126FADD2AE7FE1B00F776F2 /* Info.plist */ = {isa = PBXFileReference; lastKnownFileType = text.plist; path = Info.plist; sourceTree = "<group>"; };
		C145D6B82AE6C2F700BD2007 /* wallpaperapp.app */ = {isa = PBXFileReference; explicitFileType = wrapper.application; includeInIndex = 0; path = wallpaperapp.app; sourceTree = BUILT_PRODUCTS_DIR; };
		C145D6BB2AE6C2F700BD2007 /* wallpaperappApp.swift */ = {isa = PBXFileReference; lastKnownFileType = sourcecode.swift; path = wallpaperappApp.swift; sourceTree = "<group>"; };
		C145D6BD2AE6C2F700BD2007 /* ContentView.swift */ = {isa = PBXFileReference; lastKnownFileType = sourcecode.swift; path = ContentView.swift; sourceTree = "<group>"; };
		C145D6BF2AE6C2F800BD2007 /* Assets.xcassets */ = {isa = PBXFileReference; lastKnownFileType = folder.assetcatalog; path = Assets.xcassets; sourceTree = "<group>"; };
		C145D6C12AE6C2F800BD2007 /* wallpaperapp.entitlements */ = {isa = PBXFileReference; lastKnownFileType = text.plist.entitlements; path = wallpaperapp.entitlements; sourceTree = "<group>"; };
		C145D6C32AE6C2F800BD2007 /* Preview Assets.xcassets */ = {isa = PBXFileReference; lastKnownFileType = folder.assetcatalog; path = "Preview Assets.xcassets"; sourceTree = "<group>"; };
		C145D6CA2AE6C37200BD2007 /* nointernetview.swift */ = {isa = PBXFileReference; lastKnownFileType = sourcecode.swift; path = nointernetview.swift; sourceTree = "<group>"; };
		C145D6D92AE6C46500BD2007 /* network.swift */ = {isa = PBXFileReference; lastKnownFileType = sourcecode.swift; path = network.swift; sourceTree = "<group>"; };
		C145D6DD2AE6C60A00BD2007 /* GoogleService-Info.plist */ = {isa = PBXFileReference; fileEncoding = 4; lastKnownFileType = text.plist.xml; path = "GoogleService-Info.plist"; sourceTree = "<group>"; };
/* End PBXFileReference section */

/* Begin PBXFrameworksBuildPhase section */
		C145D6B52AE6C2F700BD2007 /* Frameworks */ = {
			isa = PBXFrameworksBuildPhase;
			buildActionMask = 2147483647;
			files = (
				C145D6D62AE6C40A00BD2007 /* FirebaseFirestoreSwift in Frameworks */,
				C145D6D22AE6C40A00BD2007 /* FirebaseDatabaseSwift in Frameworks */,
				C145D6D42AE6C40A00BD2007 /* FirebaseFirestore in Frameworks */,
				C145D6D02AE6C40A00BD2007 /* FirebaseDatabase in Frameworks */,
				C145D6CE2AE6C40A00BD2007 /* FirebaseAuth in Frameworks */,
				C145D6D82AE6C40A00BD2007 /* FirebaseStorage in Frameworks */,
			);
			runOnlyForDeploymentPostprocessing = 0;
		};
/* End PBXFrameworksBuildPhase section */

/* Begin PBXGroup section */
		C145D6AF2AE6C2F600BD2007 = {
			isa = PBXGroup;
			children = (
				C126FADB2AE7FE0A00F776F2 /* anton.ttf */,
				C145D6DD2AE6C60A00BD2007 /* GoogleService-Info.plist */,
				C145D6BA2AE6C2F700BD2007 /* wallpaperapp */,
				C145D6B92AE6C2F700BD2007 /* Products */,
			);
			sourceTree = "<group>";
		};
		C145D6B92AE6C2F700BD2007 /* Products */ = {
			isa = PBXGroup;
			children = (
				C145D6B82AE6C2F700BD2007 /* wallpaperapp.app */,
			);
			name = Products;
			sourceTree = "<group>";
		};
		C145D6BA2AE6C2F700BD2007 /* wallpaperapp */ = {
			isa = PBXGroup;
			children = (
				C126FADD2AE7FE1B00F776F2 /* Info.plist */,
				C145D6BB2AE6C2F700BD2007 /* wallpaperappApp.swift */,
				C145D6BD2AE6C2F700BD2007 /* ContentView.swift */,
				C145D6BF2AE6C2F800BD2007 /* Assets.xcassets */,
				C145D6D92AE6C46500BD2007 /* network.swift */,
				C145D6C12AE6C2F800BD2007 /* wallpaperapp.entitlements */,
				C145D6C22AE6C2F800BD2007 /* Preview Content */,
				C145D6CA2AE6C37200BD2007 /* nointernetview.swift */,
			);
			path = wallpaperapp;
			sourceTree = "<group>";
		};
		C145D6C22AE6C2F800BD2007 /* Preview Content */ = {
			isa = PBXGroup;
			children = (
				C145D6C32AE6C2F800BD2007 /* Preview Assets.xcassets */,
			);
			path = "Preview Content";
			sourceTree = "<group>";
		};
/* End PBXGroup section */

/* Begin PBXNativeTarget section */
		C145D6B72AE6C2F700BD2007 /* wallpaperapp */ = {
			isa = PBXNativeTarget;
			buildConfigurationList = C145D6C72AE6C2F800BD2007 /* Build configuration list for PBXNativeTarget "wallpaperapp" */;
			buildPhases = (
				C145D6B42AE6C2F700BD2007 /* Sources */,
				C145D6B52AE6C2F700BD2007 /* Frameworks */,
				C145D6B62AE6C2F700BD2007 /* Resources */,
			);
			buildRules = (
			);
			dependencies = (
			);
			name = wallpaperapp;
			packageProductDependencies = (
				C145D6CD2AE6C40A00BD2007 /* FirebaseAuth */,
				C145D6CF2AE6C40A00BD2007 /* FirebaseDatabase */,
				C145D6D12AE6C40A00BD2007 /* FirebaseDatabaseSwift */,
				C145D6D32AE6C40A00BD2007 /* FirebaseFirestore */,
				C145D6D52AE6C40A00BD2007 /* FirebaseFirestoreSwift */,
				C145D6D72AE6C40A00BD2007 /* FirebaseStorage */,
			);
			productName = wallpaperapp;
			productReference = C145D6B82AE6C2F700BD2007 /* wallpaperapp.app */;
			productType = "com.apple.product-type.application";
		};
/* End PBXNativeTarget section */

/* Begin PBXProject section */
		C145D6B02AE6C2F600BD2007 /* Project object */ = {
			isa = PBXProject;
			attributes = {
				BuildIndependentTargetsInParallel = 1;
				LastSwiftUpdateCheck = 1420;
				LastUpgradeCheck = 1420;
				TargetAttributes = {
					C145D6B72AE6C2F700BD2007 = {
						CreatedOnToolsVersion = 14.2;
					};
				};
			};
			buildConfigurationList = C145D6B32AE6C2F600BD2007 /* Build configuration list for PBXProject "wallpaperapp" */;
			compatibilityVersion = "Xcode 14.0";
			developmentRegion = en;
			hasScannedForEncodings = 0;
			knownRegions = (
				en,
				Base,
			);
			mainGroup = C145D6AF2AE6C2F600BD2007;
			packageReferences = (
				C145D6CC2AE6C40A00BD2007 /* XCRemoteSwiftPackageReference "firebase-ios-sdk" */,
			);
			productRefGroup = C145D6B92AE6C2F700BD2007 /* Products */;
			projectDirPath = "";
			projectRoot = "";
			targets = (
				C145D6B72AE6C2F700BD2007 /* wallpaperapp */,
			);
		};
/* End PBXProject section */

/* Begin PBXResourcesBuildPhase section */
		C145D6B62AE6C2F700BD2007 /* Resources */ = {
			isa = PBXResourcesBuildPhase;
			buildActionMask = 2147483647;
			files = (
				C145D6C42AE6C2F800BD2007 /* Preview Assets.xcassets in Resources */,
				C126FADC2AE7FE0A00F776F2 /* anton.ttf in Resources */,
				C145D6C02AE6C2F800BD2007 /* Assets.xcassets in Resources */,
				C145D6DE2AE6C60A00BD2007 /* GoogleService-Info.plist in Resources */,
			);
			runOnlyForDeploymentPostprocessing = 0;
		};
/* End PBXResourcesBuildPhase section */

/* Begin PBXSourcesBuildPhase section */
		C145D6B42AE6C2F700BD2007 /* Sources */ = {
			isa = PBXSourcesBuildPhase;
			buildActionMask = 2147483647;
			files = (
				C145D6CB2AE6C37200BD2007 /* nointernetview.swift in Sources */,
				C145D6BE2AE6C2F700BD2007 /* ContentView.swift in Sources */,
				C145D6DA2AE6C46500BD2007 /* network.swift in Sources */,
				C145D6BC2AE6C2F700BD2007 /* wallpaperappApp.swift in Sources */,
			);
			runOnlyForDeploymentPostprocessing = 0;
		};
/* End PBXSourcesBuildPhase section */

/* Begin XCBuildConfiguration section */
		C145D6C52AE6C2F800BD2007 /* Debug */ = {
			isa = XCBuildConfiguration;
			buildSettings = {
				ALWAYS_SEARCH_USER_PATHS = NO;
				CLANG_ANALYZER_NONNULL = YES;
				CLANG_ANALYZER_NUMBER_OBJECT_CONVERSION = YES_AGGRESSIVE;
				CLANG_CXX_LANGUAGE_STANDARD = "gnu++20";
				CLANG_ENABLE_MODULES = YES;
				CLANG_ENABLE_OBJC_ARC = YES;
				CLANG_ENABLE_OBJC_WEAK = YES;
				CLANG_WARN_BLOCK_CAPTURE_AUTORELEASING = YES;
				CLANG_WARN_BOOL_CONVERSION = YES;
				CLANG_WARN_COMMA = YES;
				CLANG_WARN_CONSTANT_CONVERSION = YES;
				CLANG_WARN_DEPRECATED_OBJC_IMPLEMENTATIONS = YES;
				CLANG_WARN_DIRECT_OBJC_ISA_USAGE = YES_ERROR;
				CLANG_WARN_DOCUMENTATION_COMMENTS = YES;
				CLANG_WARN_EMPTY_BODY = YES;
				CLANG_WARN_ENUM_CONVERSION = YES;
				CLANG_WARN_INFINITE_RECURSION = YES;
				CLANG_WARN_INT_CONVERSION = YES;
				CLANG_WARN_NON_LITERAL_NULL_CONVERSION = YES;
				CLANG_WARN_OBJC_IMPLICIT_RETAIN_SELF = YES;
				CLANG_WARN_OBJC_LITERAL_CONVERSION = YES;
				CLANG_WARN_OBJC_ROOT_CLASS = YES_ERROR;
				CLANG_WARN_QUOTED_INCLUDE_IN_FRAMEWORK_HEADER = YES;
				CLANG_WARN_RANGE_LOOP_ANALYSIS = YES;
				CLANG_WARN_STRICT_PROTOTYPES = YES;
				CLANG_WARN_SUSPICIOUS_MOVE = YES;
				CLANG_WARN_UNGUARDED_AVAILABILITY = YES_AGGRESSIVE;
				CLANG_WARN_UNREACHABLE_CODE = YES;
				CLANG_WARN__DUPLICATE_METHOD_MATCH = YES;
				COPY_PHASE_STRIP = NO;
				DEBUG_INFORMATION_FORMAT = dwarf;
				ENABLE_STRICT_OBJC_MSGSEND = YES;
				ENABLE_TESTABILITY = YES;
				GCC_C_LANGUAGE_STANDARD = gnu11;
				GCC_DYNAMIC_NO_PIC = NO;
				GCC_NO_COMMON_BLOCKS = YES;
				GCC_OPTIMIZATION_LEVEL = 0;
				GCC_PREPROCESSOR_DEFINITIONS = (
					"DEBUG=1",
					"$(inherited)",
				);
				GCC_WARN_64_TO_32_BIT_CONVERSION = YES;
				GCC_WARN_ABOUT_RETURN_TYPE = YES_ERROR;
				GCC_WARN_UNDECLARED_SELECTOR = YES;
				GCC_WARN_UNINITIALIZED_AUTOS = YES_AGGRESSIVE;
				GCC_WARN_UNUSED_FUNCTION = YES;
				GCC_WARN_UNUSED_VARIABLE = YES;
				MTL_ENABLE_DEBUG_INFO = INCLUDE_SOURCE;
				MTL_FAST_MATH = YES;
				ONLY_ACTIVE_ARCH = YES;
				SWIFT_ACTIVE_COMPILATION_CONDITIONS = DEBUG;
				SWIFT_OPTIMIZATION_LEVEL = "-Onone";
			};
			name = Debug;
		};
		C145D6C62AE6C2F800BD2007 /* Release */ = {
			isa = XCBuildConfiguration;
			buildSettings = {
				ALWAYS_SEARCH_USER_PATHS = NO;
				CLANG_ANALYZER_NONNULL = YES;
				CLANG_ANALYZER_NUMBER_OBJECT_CONVERSION = YES_AGGRESSIVE;
				CLANG_CXX_LANGUAGE_STANDARD = "gnu++20";
				CLANG_ENABLE_MODULES = YES;
				CLANG_ENABLE_OBJC_ARC = YES;
				CLANG_ENABLE_OBJC_WEAK = YES;
				CLANG_WARN_BLOCK_CAPTURE_AUTORELEASING = YES;
				CLANG_WARN_BOOL_CONVERSION = YES;
				CLANG_WARN_COMMA = YES;
				CLANG_WARN_CONSTANT_CONVERSION = YES;
				CLANG_WARN_DEPRECATED_OBJC_IMPLEMENTATIONS = YES;
				CLANG_WARN_DIRECT_OBJC_ISA_USAGE = YES_ERROR;
				CLANG_WARN_DOCUMENTATION_COMMENTS = YES;
				CLANG_WARN_EMPTY_BODY = YES;
				CLANG_WARN_ENUM_CONVERSION = YES;
				CLANG_WARN_INFINITE_RECURSION = YES;
				CLANG_WARN_INT_CONVERSION = YES;
				CLANG_WARN_NON_LITERAL_NULL_CONVERSION = YES;
				CLANG_WARN_OBJC_IMPLICIT_RETAIN_SELF = YES;
				CLANG_WARN_OBJC_LITERAL_CONVERSION = YES;
				CLANG_WARN_OBJC_ROOT_CLASS = YES_ERROR;
				CLANG_WARN_QUOTED_INCLUDE_IN_FRAMEWORK_HEADER = YES;
				CLANG_WARN_RANGE_LOOP_ANALYSIS = YES;
				CLANG_WARN_STRICT_PROTOTYPES = YES;
				CLANG_WARN_SUSPICIOUS_MOVE = YES;
				CLANG_WARN_UNGUARDED_AVAILABILITY = YES_AGGRESSIVE;
				CLANG_WARN_UNREACHABLE_CODE = YES;
				CLANG_WARN__DUPLICATE_METHOD_MATCH = YES;
				COPY_PHASE_STRIP = NO;
				DEBUG_INFORMATION_FORMAT = "dwarf-with-dsym";
				ENABLE_NS_ASSERTIONS = NO;
				ENABLE_STRICT_OBJC_MSGSEND = YES;
				GCC_C_LANGUAGE_STANDARD = gnu11;
				GCC_NO_COMMON_BLOCKS = YES;
				GCC_WARN_64_TO_32_BIT_CONVERSION = YES;
				GCC_WARN_ABOUT_RETURN_TYPE = YES_ERROR;
				GCC_WARN_UNDECLARED_SELECTOR = YES;
				GCC_WARN_UNINITIALIZED_AUTOS = YES_AGGRESSIVE;
				GCC_WARN_UNUSED_FUNCTION = YES;
				GCC_WARN_UNUSED_VARIABLE = YES;
				MTL_ENABLE_DEBUG_INFO = NO;
				MTL_FAST_MATH = YES;
				SWIFT_COMPILATION_MODE = wholemodule;
				SWIFT_OPTIMIZATION_LEVEL = "-O";
			};
			name = Release;
		};
		C145D6C82AE6C2F800BD2007 /* Debug */ = {
			isa = XCBuildConfiguration;
			buildSettings = {
				ASSETCATALOG_COMPILER_APPICON_NAME = AppIcon;
				ASSETCATALOG_COMPILER_GLOBAL_ACCENT_COLOR_NAME = AccentColor;
				CODE_SIGN_ENTITLEMENTS = wallpaperapp/wallpaperapp.entitlements;
				CODE_SIGN_STYLE = Automatic;
				CURRENT_PROJECT_VERSION = 1;
				DEVELOPMENT_ASSET_PATHS = "\"wallpaperapp/Preview Content\"";
				DEVELOPMENT_TEAM = MFLZ5CK5T2;
				ENABLE_HARDENED_RUNTIME = YES;
				ENABLE_PREVIEWS = YES;
				GENERATE_INFOPLIST_FILE = YES;
				INFOPLIST_FILE = wallpaperapp/Info.plist;
				"INFOPLIST_KEY_UIApplicationSceneManifest_Generation[sdk=iphoneos*]" = YES;
				"INFOPLIST_KEY_UIApplicationSceneManifest_Generation[sdk=iphonesimulator*]" = YES;
				"INFOPLIST_KEY_UIApplicationSupportsIndirectInputEvents[sdk=iphoneos*]" = YES;
				"INFOPLIST_KEY_UIApplicationSupportsIndirectInputEvents[sdk=iphonesimulator*]" = YES;
				"INFOPLIST_KEY_UILaunchScreen_Generation[sdk=iphoneos*]" = YES;
				"INFOPLIST_KEY_UILaunchScreen_Generation[sdk=iphonesimulator*]" = YES;
				"INFOPLIST_KEY_UIStatusBarStyle[sdk=iphoneos*]" = UIStatusBarStyleDefault;
				"INFOPLIST_KEY_UIStatusBarStyle[sdk=iphonesimulator*]" = UIStatusBarStyleDefault;
				INFOPLIST_KEY_UISupportedInterfaceOrientations_iPad = "UIInterfaceOrientationPortrait UIInterfaceOrientationPortraitUpsideDown UIInterfaceOrientationLandscapeLeft UIInterfaceOrientationLandscapeRight";
				INFOPLIST_KEY_UISupportedInterfaceOrientations_iPhone = "UIInterfaceOrientationPortrait UIInterfaceOrientationLandscapeLeft UIInterfaceOrientationLandscapeRight";
				IPHONEOS_DEPLOYMENT_TARGET = 16.2;
				LD_RUNPATH_SEARCH_PATHS = "@executable_path/Frameworks";
				"LD_RUNPATH_SEARCH_PATHS[sdk=macosx*]" = "@executable_path/../Frameworks";
				MACOSX_DEPLOYMENT_TARGET = 12.6;
				MARKETING_VERSION = 1.0;
				PRODUCT_BUNDLE_IDENTIFIER = test.freewalls;
				PRODUCT_NAME = "$(TARGET_NAME)";
				SDKROOT = auto;
				SUPPORTED_PLATFORMS = "iphoneos iphonesimulator macosx";
				SWIFT_EMIT_LOC_STRINGS = YES;
				SWIFT_VERSION = 5.0;
				TARGETED_DEVICE_FAMILY = "1,2";
			};
			name = Debug;
		};
		C145D6C92AE6C2F800BD2007 /* Release */ = {
			isa = XCBuildConfiguration;
			buildSettings = {
				ASSETCATALOG_COMPILER_APPICON_NAME = AppIcon;
				ASSETCATALOG_COMPILER_GLOBAL_ACCENT_COLOR_NAME = AccentColor;
				CODE_SIGN_ENTITLEMENTS = wallpaperapp/wallpaperapp.entitlements;
				CODE_SIGN_STYLE = Automatic;
				CURRENT_PROJECT_VERSION = 1;
				DEVELOPMENT_ASSET_PATHS = "\"wallpaperapp/Preview Content\"";
				DEVELOPMENT_TEAM = MFLZ5CK5T2;
				ENABLE_HARDENED_RUNTIME = YES;
				ENABLE_PREVIEWS = YES;
				GENERATE_INFOPLIST_FILE = YES;
				INFOPLIST_FILE = wallpaperapp/Info.plist;
				"INFOPLIST_KEY_UIApplicationSceneManifest_Generation[sdk=iphoneos*]" = YES;
				"INFOPLIST_KEY_UIApplicationSceneManifest_Generation[sdk=iphonesimulator*]" = YES;
				"INFOPLIST_KEY_UIApplicationSupportsIndirectInputEvents[sdk=iphoneos*]" = YES;
				"INFOPLIST_KEY_UIApplicationSupportsIndirectInputEvents[sdk=iphonesimulator*]" = YES;
				"INFOPLIST_KEY_UILaunchScreen_Generation[sdk=iphoneos*]" = YES;
				"INFOPLIST_KEY_UILaunchScreen_Generation[sdk=iphonesimulator*]" = YES;
				"INFOPLIST_KEY_UIStatusBarStyle[sdk=iphoneos*]" = UIStatusBarStyleDefault;
				"INFOPLIST_KEY_UIStatusBarStyle[sdk=iphonesimulator*]" = UIStatusBarStyleDefault;
				INFOPLIST_KEY_UISupportedInterfaceOrientations_iPad = "UIInterfaceOrientationPortrait UIInterfaceOrientationPortraitUpsideDown UIInterfaceOrientationLandscapeLeft UIInterfaceOrientationLandscapeRight";
				INFOPLIST_KEY_UISupportedInterfaceOrientations_iPhone = "UIInterfaceOrientationPortrait UIInterfaceOrientationLandscapeLeft UIInterfaceOrientationLandscapeRight";
				IPHONEOS_DEPLOYMENT_TARGET = 16.2;
				LD_RUNPATH_SEARCH_PATHS = "@executable_path/Frameworks";
				"LD_RUNPATH_SEARCH_PATHS[sdk=macosx*]" = "@executable_path/../Frameworks";
				MACOSX_DEPLOYMENT_TARGET = 12.6;
				MARKETING_VERSION = 1.0;
				PRODUCT_BUNDLE_IDENTIFIER = test.freewalls;
				PRODUCT_NAME = "$(TARGET_NAME)";
				SDKROOT = auto;
				SUPPORTED_PLATFORMS = "iphoneos iphonesimulator macosx";
				SWIFT_EMIT_LOC_STRINGS = YES;
				SWIFT_VERSION = 5.0;
				TARGETED_DEVICE_FAMILY = "1,2";
			};
			name = Release;
		};
/* End XCBuildConfiguration section */

/* Begin XCConfigurationList section */
		C145D6B32AE6C2F600BD2007 /* Build configuration list for PBXProject "wallpaperapp" */ = {
			isa = XCConfigurationList;
			buildConfigurations = (
				C145D6C52AE6C2F800BD2007 /* Debug */,
				C145D6C62AE6C2F800BD2007 /* Release */,
			);
			defaultConfigurationIsVisible = 0;
			defaultConfigurationName = Release;
		};
		C145D6C72AE6C2F800BD2007 /* Build configuration list for PBXNativeTarget "wallpaperapp" */ = {
			isa = XCConfigurationList;
			buildConfigurations = (
				C145D6C82AE6C2F800BD2007 /* Debug */,
				C145D6C92AE6C2F800BD2007 /* Release */,
			);
			defaultConfigurationIsVisible = 0;
			defaultConfigurationName = Release;
		};
/* End XCConfigurationList section */

/* Begin XCRemoteSwiftPackageReference section */
		C145D6CC2AE6C40A00BD2007 /* XCRemoteSwiftPackageReference "firebase-ios-sdk" */ = {
			isa = XCRemoteSwiftPackageReference;
			repositoryURL = "https://github.com/firebase/firebase-ios-sdk";
			requirement = {
				kind = upToNextMajorVersion;
				minimumVersion = 9.0.0;
			};
		};
/* End XCRemoteSwiftPackageReference section */

/* Begin XCSwiftPackageProductDependency section */
		C145D6CD2AE6C40A00BD2007 /* FirebaseAuth */ = {
			isa = XCSwiftPackageProductDependency;
			package = C145D6CC2AE6C40A00BD2007 /* XCRemoteSwiftPackageReference "firebase-ios-sdk" */;
			productName = FirebaseAuth;
		};
		C145D6CF2AE6C40A00BD2007 /* FirebaseDatabase */ = {
			isa = XCSwiftPackageProductDependency;
			package = C145D6CC2AE6C40A00BD2007 /* XCRemoteSwiftPackageReference "firebase-ios-sdk" */;
			productName = FirebaseDatabase;
		};
		C145D6D12AE6C40A00BD2007 /* FirebaseDatabaseSwift */ = {
			isa = XCSwiftPackageProductDependency;
			package = C145D6CC2AE6C40A00BD2007 /* XCRemoteSwiftPackageReference "firebase-ios-sdk" */;
			productName = FirebaseDatabaseSwift;
		};
		C145D6D32AE6C40A00BD2007 /* FirebaseFirestore */ = {
			isa = XCSwiftPackageProductDependency;
			package = C145D6CC2AE6C40A00BD2007 /* XCRemoteSwiftPackageReference "firebase-ios-sdk" */;
			productName = FirebaseFirestore;
		};
		C145D6D52AE6C40A00BD2007 /* FirebaseFirestoreSwift */ = {
			isa = XCSwiftPackageProductDependency;
			package = C145D6CC2AE6C40A00BD2007 /* XCRemoteSwiftPackageReference "firebase-ios-sdk" */;
			productName = FirebaseFirestoreSwift;
		};
		C145D6D72AE6C40A00BD2007 /* FirebaseStorage */ = {
			isa = XCSwiftPackageProductDependency;
			package = C145D6CC2AE6C40A00BD2007 /* XCRemoteSwiftPackageReference "firebase-ios-sdk" */;
			productName = FirebaseStorage;
		};
/* End XCSwiftPackageProductDependency section */
	};
	rootObject = C145D6B02AE6C2F600BD2007 /* Project object */;
}
